{
  "version": 4,
  "terraform_version": "1.10.5",
  "serial": 51,
  "lineage": "c0e7a42f-f82c-ca65-e865-3cdab5cf027b",
  "outputs": {
    "buckets_s3": {
      "value": {
        "archivos": "mi-bucket-archivos-fernando",
        "logs": "mi-bucket-logs-fernando"
      },
      "type": [
        "object",
        {
          "archivos": "string",
          "logs": "string"
        }
      ]
    },
    "comandos_para_probar": {
      "value": {
        "invocar_lambda": "awslocal lambda invoke --function-name mi-lambda-fernando output.json",
        "listar_buckets": "awslocal s3 ls",
        "listar_tablas": "awslocal dynamodb list-tables",
        "ver_resultado": "cat output.json"
      },
      "type": [
        "object",
        {
          "invocar_lambda": "string",
          "listar_buckets": "string",
          "listar_tablas": "string",
          "ver_resultado": "string"
        }
      ]
    },
    "lambda_function": {
      "value": {
        "arn": "arn:aws:lambda:us-east-1:000000000000:function:mi-lambda-fernando",
        "name": "mi-lambda-fernando"
      },
      "type": [
        "object",
        {
          "arn": "string",
          "name": "string"
        }
      ]
    },
    "resumen_infraestructura": {
      "value": {
        "environment": "LocalStack",
        "region": "us-east-1",
        "student_name": "fernando"
      },
      "type": [
        "object",
        {
          "environment": "string",
          "region": "string",
          "student_name": "string"
        }
      ]
    },
    "tablas_dynamodb": {
      "value": {
        "posts": "mi-tabla-posts-fernando",
        "usuarios": "mi-tabla-usuarios-fernando"
      },
      "type": [
        "object",
        {
          "posts": "string",
          "usuarios": "string"
        }
      ]
    }
  },
  "resources": [
    {
      "mode": "data",
      "type": "archive_file",
      "name": "mi_lambda_zip",
      "provider": "provider[\"registry.terraform.io/hashicorp/archive\"]",
      "instances": [
        {
          "schema_version": 0,
          "attributes": {
            "exclude_symlink_directories": null,
            "excludes": null,
            "id": "d3adc97de7643ad870af9600bf159206d455b9a4",
            "output_base64sha256": "TvdqWhpLS5l5Of3Yjf/UsVAf0tFhA/r2PbrNkPaYfzM=",
            "output_base64sha512": "7d7KhFOzD6WFJ1D8z7wzpecw1R81RkK/2rX8HrD0nWJPaJQHY+jD5F0OoPmkGUxFdjz8NwYi/bw93dPy763kfA==",
            "output_file_mode": null,
            "output_md5": "f6cfcf954085dc42cdc7fe973a686837",
            "output_path": "mi_lambda.zip",
            "output_sha": "d3adc97de7643ad870af9600bf159206d455b9a4",
            "output_sha256": "4ef76a5a1a4b4b997939fdd88dffd4b1501fd2d16103faf63dbacd90f6987f33",
            "output_sha512": "eddeca8453b30fa5852750fccfbc33a5e730d51f354642bfdab5fc1eb0f49d624f68940763e8c3e45d0ea0f9a4194c45763cfc370622fdbc3dddd3f2efade47c",
            "output_size": 587,
            "source": [
              {
                "content": "import json\r\nimport boto3\r\nfrom datetime import datetime\r\n\r\ndef lambda_handler(event, context):\r\n    \"\"\"\r\n    Función Lambda simple creada con Terraform\r\n    \"\"\"\r\n    print(f\"Evento recibido: {json.dumps(event)}\")\r\n    \r\n    # Información de la infraestructura\r\n    response = {\r\n        'statusCode': 200,\r\n        'body': json.dumps({\r\n            'message': '¡Hola desde Lambda creada con Terraform!',\r\n            'student': 'fernando',\r\n            'timestamp': datetime.now().isoformat(),\r\n            'event_received': event,\r\n            'infrastructure': {\r\n                'created_with': 'Terraform',\r\n                'environment': 'LocalStack',\r\n                'tables': ['mi-tabla-usuarios', 'mi-tabla-posts'],\r\n                'buckets': ['mi-bucket-archivos', 'mi-bucket-logs']\r\n            }\r\n        })\r\n    }\r\n    \r\n    print(f\"Respuesta: {json.dumps(response)}\")\r\n    return response\r\n",
                "filename": "lambda_function.py"
              }
            ],
            "source_content": null,
            "source_content_filename": null,
            "source_dir": null,
            "source_file": null,
            "type": "zip"
          },
          "sensitive_attributes": []
        }
      ]
    },
    {
      "mode": "managed",
      "type": "aws_dynamodb_table",
      "name": "mi_tabla_posts",
      "provider": "provider[\"registry.terraform.io/hashicorp/aws\"]",
      "instances": [
        {
          "schema_version": 1,
          "attributes": {
            "arn": "arn:aws:dynamodb:us-east-1:000000000000:table/mi-tabla-posts-fernando",
            "attribute": [
              {
                "name": "post_id",
                "type": "S"
              }
            ],
            "billing_mode": "PROVISIONED",
            "deletion_protection_enabled": false,
            "global_secondary_index": [],
            "hash_key": "post_id",
            "id": "mi-tabla-posts-fernando",
            "import_table": [],
            "local_secondary_index": [],
            "name": "mi-tabla-posts-fernando",
            "on_demand_throughput": [],
            "point_in_time_recovery": [
              {
                "enabled": false,
                "recovery_period_in_days": 0
              }
            ],
            "range_key": null,
            "read_capacity": 5,
            "replica": [],
            "restore_date_time": null,
            "restore_source_name": null,
            "restore_source_table_arn": null,
            "restore_to_latest_time": null,
            "server_side_encryption": [],
            "stream_arn": "",
            "stream_enabled": false,
            "stream_label": "",
            "stream_view_type": "",
            "table_class": "STANDARD",
            "tags": {
              "CreatedBy": "Terraform",
              "Environment": "LocalStack",
              "Name": "Tabla de Posts",
              "Student": "fernando"
            },
            "tags_all": {
              "CreatedBy": "Terraform",
              "Environment": "LocalStack",
              "Name": "Tabla de Posts",
              "Student": "fernando"
            },
            "timeouts": null,
            "ttl": [
              {
                "attribute_name": "",
                "enabled": false
              }
            ],
            "write_capacity": 5
          },
          "sensitive_attributes": [],
          "private": "eyJlMmJmYjczMC1lY2FhLTExZTYtOGY4OC0zNDM2M2JjN2M0YzAiOnsiY3JlYXRlIjoxODAwMDAwMDAwMDAwLCJkZWxldGUiOjYwMDAwMDAwMDAwMCwidXBkYXRlIjozNjAwMDAwMDAwMDAwfSwic2NoZW1hX3ZlcnNpb24iOiIxIn0="
        }
      ]
    },
    {
      "mode": "managed",
      "type": "aws_dynamodb_table",
      "name": "mi_tabla_usuarios",
      "provider": "provider[\"registry.terraform.io/hashicorp/aws\"]",
      "instances": [
        {
          "schema_version": 1,
          "attributes": {
            "arn": "arn:aws:dynamodb:us-east-1:000000000000:table/mi-tabla-usuarios-fernando",
            "attribute": [
              {
                "name": "user_id",
                "type": "S"
              }
            ],
            "billing_mode": "PROVISIONED",
            "deletion_protection_enabled": false,
            "global_secondary_index": [],
            "hash_key": "user_id",
            "id": "mi-tabla-usuarios-fernando",
            "import_table": [],
            "local_secondary_index": [],
            "name": "mi-tabla-usuarios-fernando",
            "on_demand_throughput": [],
            "point_in_time_recovery": [
              {
                "enabled": false,
                "recovery_period_in_days": 0
              }
            ],
            "range_key": null,
            "read_capacity": 5,
            "replica": [],
            "restore_date_time": null,
            "restore_source_name": null,
            "restore_source_table_arn": null,
            "restore_to_latest_time": null,
            "server_side_encryption": [],
            "stream_arn": "",
            "stream_enabled": false,
            "stream_label": "",
            "stream_view_type": "",
            "table_class": "STANDARD",
            "tags": {
              "CreatedBy": "Terraform",
              "Environment": "LocalStack",
              "Name": "Tabla de Usuarios",
              "Student": "fernando"
            },
            "tags_all": {
              "CreatedBy": "Terraform",
              "Environment": "LocalStack",
              "Name": "Tabla de Usuarios",
              "Student": "fernando"
            },
            "timeouts": null,
            "ttl": [
              {
                "attribute_name": "",
                "enabled": false
              }
            ],
            "write_capacity": 5
          },
          "sensitive_attributes": [],
          "private": "eyJlMmJmYjczMC1lY2FhLTExZTYtOGY4OC0zNDM2M2JjN2M0YzAiOnsiY3JlYXRlIjoxODAwMDAwMDAwMDAwLCJkZWxldGUiOjYwMDAwMDAwMDAwMCwidXBkYXRlIjozNjAwMDAwMDAwMDAwfSwic2NoZW1hX3ZlcnNpb24iOiIxIn0="
        }
      ]
    },
    {
      "mode": "managed",
      "type": "aws_iam_role",
      "name": "mi_lambda_role",
      "provider": "provider[\"registry.terraform.io/hashicorp/aws\"]",
      "instances": [
        {
          "schema_version": 0,
          "attributes": {
            "arn": "arn:aws:iam::000000000000:role/mi-lambda-role-fernando",
            "assume_role_policy": "{\"Statement\":[{\"Action\":\"sts:AssumeRole\",\"Effect\":\"Allow\",\"Principal\":{\"Service\":\"lambda.amazonaws.com\"}}],\"Version\":\"2012-10-17\"}",
            "create_date": "2026-01-22T18:45:11Z",
            "description": "",
            "force_detach_policies": false,
            "id": "mi-lambda-role-fernando",
            "inline_policy": [],
            "managed_policy_arns": [],
            "max_session_duration": 3600,
            "name": "mi-lambda-role-fernando",
            "name_prefix": "",
            "path": "/",
            "permissions_boundary": "",
            "tags": {
              "CreatedBy": "Terraform",
              "Environment": "LocalStack",
              "Name": "Lambda Role",
              "Student": "fernando"
            },
            "tags_all": {
              "CreatedBy": "Terraform",
              "Environment": "LocalStack",
              "Name": "Lambda Role",
              "Student": "fernando"
            },
            "unique_id": "AROAQAAAAAAABUH7HPCX6"
          },
          "sensitive_attributes": [],
          "private": "bnVsbA=="
        }
      ]
    },
    {
      "mode": "managed",
      "type": "aws_iam_role_policy",
      "name": "mi_lambda_policy",
      "provider": "provider[\"registry.terraform.io/hashicorp/aws\"]",
      "instances": [
        {
          "schema_version": 0,
          "attributes": {
            "id": "mi-lambda-role-fernando:mi-lambda-policy-fernando",
            "name": "mi-lambda-policy-fernando",
            "name_prefix": "",
            "policy": "{\"Version\":\"2012-10-17\",\"Statement\":[{\"Action\":[\"dynamodb:GetItem\",\"dynamodb:PutItem\",\"dynamodb:UpdateItem\",\"dynamodb:DeleteItem\",\"dynamodb:Query\",\"dynamodb:Scan\"],\"Effect\":\"Allow\",\"Resource\":[\"arn:aws:dynamodb:us-east-1:000000000000:table/mi-tabla-usuarios-fernando\",\"arn:aws:dynamodb:us-east-1:000000000000:table/mi-tabla-posts-fernando\"]},{\"Action\":[\"s3:GetObject\",\"s3:PutObject\",\"s3:DeleteObject\"],\"Effect\":\"Allow\",\"Resource\":[\"arn:aws:s3:::mi-bucket-archivos-fernando/*\",\"arn:aws:s3:::mi-bucket-logs-fernando/*\"]},{\"Action\":[\"logs:CreateLogGroup\",\"logs:CreateLogStream\",\"logs:PutLogEvents\"],\"Effect\":\"Allow\",\"Resource\":\"arn:aws:logs:*:*:*\"}]}",
            "role": "mi-lambda-role-fernando"
          },
          "sensitive_attributes": [],
          "private": "bnVsbA==",
          "dependencies": [
            "aws_dynamodb_table.mi_tabla_posts",
            "aws_dynamodb_table.mi_tabla_usuarios",
            "aws_iam_role.mi_lambda_role",
            "aws_s3_bucket.mi_bucket_archivos",
            "aws_s3_bucket.mi_bucket_logs"
          ]
        }
      ]
    },
    {
      "mode": "managed",
      "type": "aws_lambda_function",
      "name": "mi_lambda",
      "provider": "provider[\"registry.terraform.io/hashicorp/aws\"]",
      "instances": [
        {
          "schema_version": 0,
          "attributes": {
            "architectures": [
              "x86_64"
            ],
            "arn": "arn:aws:lambda:us-east-1:000000000000:function:mi-lambda-fernando",
            "code_sha256": "TvdqWhpLS5l5Of3Yjf/UsVAf0tFhA/r2PbrNkPaYfzM=",
            "code_signing_config_arn": "",
            "dead_letter_config": [],
            "description": "",
            "environment": [
              {
                "variables": {
                  "BUCKET_ARCHIVOS": "mi-bucket-archivos-fernando",
                  "BUCKET_LOGS": "mi-bucket-logs-fernando",
                  "STUDENT_NAME": "fernando",
                  "TABLA_POSTS": "mi-tabla-posts-fernando",
                  "TABLA_USUARIOS": "mi-tabla-usuarios-fernando"
                }
              }
            ],
            "ephemeral_storage": [
              {
                "size": 512
              }
            ],
            "file_system_config": [],
            "filename": "mi_lambda.zip",
            "function_name": "mi-lambda-fernando",
            "handler": "lambda_function.lambda_handler",
            "id": "mi-lambda-fernando",
            "image_config": [],
            "image_uri": "",
            "invoke_arn": "arn:aws:apigateway:us-east-1:lambda:path/2015-03-31/functions/arn:aws:lambda:us-east-1:000000000000:function:mi-lambda-fernando/invocations",
            "kms_key_arn": "",
            "last_modified": "2026-01-22T18:45:12.369802+0000",
            "layers": null,
            "logging_config": [
              {
                "application_log_level": "",
                "log_format": "Text",
                "log_group": "/aws/lambda/mi-lambda-fernando",
                "system_log_level": ""
              }
            ],
            "memory_size": 128,
            "package_type": "Zip",
            "publish": false,
            "qualified_arn": "arn:aws:lambda:us-east-1:000000000000:function:mi-lambda-fernando:$LATEST",
            "qualified_invoke_arn": "arn:aws:apigateway:us-east-1:lambda:path/2015-03-31/functions/arn:aws:lambda:us-east-1:000000000000:function:mi-lambda-fernando:$LATEST/invocations",
            "replace_security_groups_on_destroy": null,
            "replacement_security_group_ids": null,
            "reserved_concurrent_executions": -1,
            "role": "arn:aws:iam::000000000000:role/mi-lambda-role-fernando",
            "runtime": "python3.9",
            "s3_bucket": null,
            "s3_key": null,
            "s3_object_version": null,
            "signing_job_arn": "",
            "signing_profile_version_arn": "",
            "skip_destroy": false,
            "snap_start": [],
            "source_code_hash": "",
            "source_code_size": 587,
            "tags": {
              "CreatedBy": "Terraform",
              "Environment": "LocalStack",
              "Name": "Mi Lambda Function",
              "Student": "fernando"
            },
            "tags_all": {
              "CreatedBy": "Terraform",
              "Environment": "LocalStack",
              "Name": "Mi Lambda Function",
              "Student": "fernando"
            },
            "timeout": 30,
            "timeouts": null,
            "tracing_config": [
              {
                "mode": "PassThrough"
              }
            ],
            "version": "$LATEST",
            "vpc_config": []
          },
          "sensitive_attributes": [],
          "private": "eyJlMmJmYjczMC1lY2FhLTExZTYtOGY4OC0zNDM2M2JjN2M0YzAiOnsiY3JlYXRlIjo2MDAwMDAwMDAwMDAsImRlbGV0ZSI6NjAwMDAwMDAwMDAwLCJ1cGRhdGUiOjYwMDAwMDAwMDAwMH19",
          "dependencies": [
            "aws_dynamodb_table.mi_tabla_posts",
            "aws_dynamodb_table.mi_tabla_usuarios",
            "aws_iam_role.mi_lambda_role",
            "aws_s3_bucket.mi_bucket_archivos",
            "aws_s3_bucket.mi_bucket_logs",
            "data.archive_file.mi_lambda_zip"
          ]
        }
      ]
    },
    {
      "mode": "managed",
      "type": "aws_s3_bucket",
      "name": "mi_bucket_archivos",
      "provider": "provider[\"registry.terraform.io/hashicorp/aws\"]",
      "instances": [
        {
          "schema_version": 0,
          "attributes": {
            "acceleration_status": "",
            "acl": null,
            "arn": "arn:aws:s3:::mi-bucket-archivos-fernando",
            "bucket": "mi-bucket-archivos-fernando",
            "bucket_domain_name": "mi-bucket-archivos-fernando.s3.amazonaws.com",
            "bucket_prefix": "",
            "bucket_regional_domain_name": "mi-bucket-archivos-fernando.s3.us-east-1.amazonaws.com",
            "cors_rule": [],
            "force_destroy": false,
            "grant": [
              {
                "id": "75aa57f09aa0c8caeab4f8c24e99d10f8e7faeebf76c078efc7c6caea54ba06a",
                "permissions": [
                  "FULL_CONTROL"
                ],
                "type": "CanonicalUser",
                "uri": ""
              }
            ],
            "hosted_zone_id": "Z3AQBSTGFYJSTF",
            "id": "mi-bucket-archivos-fernando",
            "lifecycle_rule": [],
            "logging": [],
            "object_lock_configuration": [],
            "object_lock_enabled": false,
            "policy": "",
            "region": "us-east-1",
            "replication_configuration": [],
            "request_payer": "BucketOwner",
            "server_side_encryption_configuration": [
              {
                "rule": [
                  {
                    "apply_server_side_encryption_by_default": [
                      {
                        "kms_master_key_id": "",
                        "sse_algorithm": "AES256"
                      }
                    ],
                    "bucket_key_enabled": false
                  }
                ]
              }
            ],
            "tags": {
              "CreatedBy": "Terraform",
              "Environment": "LocalStack",
              "Name": "Bucket de Archivos",
              "Student": "fernando"
            },
            "tags_all": {
              "CreatedBy": "Terraform",
              "Environment": "LocalStack",
              "Name": "Bucket de Archivos",
              "Student": "fernando"
            },
            "timeouts": null,
            "versioning": [
              {
                "enabled": false,
                "mfa_delete": false
              }
            ],
            "website": [],
            "website_domain": null,
            "website_endpoint": null
          },
          "sensitive_attributes": [],
          "private": "eyJlMmJmYjczMC1lY2FhLTExZTYtOGY4OC0zNDM2M2JjN2M0YzAiOnsiY3JlYXRlIjoxMjAwMDAwMDAwMDAwLCJkZWxldGUiOjM2MDAwMDAwMDAwMDAsInJlYWQiOjEyMDAwMDAwMDAwMDAsInVwZGF0ZSI6MTIwMDAwMDAwMDAwMH19"
        }
      ]
    },
    {
      "mode": "managed",
      "type": "aws_s3_bucket",
      "name": "mi_bucket_logs",
      "provider": "provider[\"registry.terraform.io/hashicorp/aws\"]",
      "instances": [
        {
          "schema_version": 0,
          "attributes": {
            "acceleration_status": "",
            "acl": null,
            "arn": "arn:aws:s3:::mi-bucket-logs-fernando",
            "bucket": "mi-bucket-logs-fernando",
            "bucket_domain_name": "mi-bucket-logs-fernando.s3.amazonaws.com",
            "bucket_prefix": "",
            "bucket_regional_domain_name": "mi-bucket-logs-fernando.s3.us-east-1.amazonaws.com",
            "cors_rule": [],
            "force_destroy": false,
            "grant": [
              {
                "id": "75aa57f09aa0c8caeab4f8c24e99d10f8e7faeebf76c078efc7c6caea54ba06a",
                "permissions": [
                  "FULL_CONTROL"
                ],
                "type": "CanonicalUser",
                "uri": ""
              }
            ],
            "hosted_zone_id": "Z3AQBSTGFYJSTF",
            "id": "mi-bucket-logs-fernando",
            "lifecycle_rule": [],
            "logging": [],
            "object_lock_configuration": [],
            "object_lock_enabled": false,
            "policy": "",
            "region": "us-east-1",
            "replication_configuration": [],
            "request_payer": "BucketOwner",
            "server_side_encryption_configuration": [
              {
                "rule": [
                  {
                    "apply_server_side_encryption_by_default": [
                      {
                        "kms_master_key_id": "",
                        "sse_algorithm": "AES256"
                      }
                    ],
                    "bucket_key_enabled": false
                  }
                ]
              }
            ],
            "tags": {
              "CreatedBy": "Terraform",
              "Environment": "LocalStack",
              "Name": "Bucket de Logs",
              "Student": "fernando"
            },
            "tags_all": {
              "CreatedBy": "Terraform",
              "Environment": "LocalStack",
              "Name": "Bucket de Logs",
              "Student": "fernando"
            },
            "timeouts": null,
            "versioning": [
              {
                "enabled": false,
                "mfa_delete": false
              }
            ],
            "website": [],
            "website_domain": null,
            "website_endpoint": null
          },
          "sensitive_attributes": [],
          "private": "eyJlMmJmYjczMC1lY2FhLTExZTYtOGY4OC0zNDM2M2JjN2M0YzAiOnsiY3JlYXRlIjoxMjAwMDAwMDAwMDAwLCJkZWxldGUiOjM2MDAwMDAwMDAwMDAsInJlYWQiOjEyMDAwMDAwMDAwMDAsInVwZGF0ZSI6MTIwMDAwMDAwMDAwMH19"
        }
      ]
    }
  ],
  "check_results": null
}
